
Microsoft Visual Studio Solution File, Format Version 12.00
Project("{FAE04EC0-301F-11D3-BF4B-00C04F79EFBC}") = "GitDemo", "GitDemo\GitDemo.csproj", "{F4EC9AA3-55A8-4F18-B017-FDD1C9C0ACAE}"
EndProject
Global
	GlobalSection(SolutionConfigurationPlatforms) = preSolution
		Debug|Any CPU = Debug|Any CPU
		Release|Any CPU = Release|Any CPU
	EndGlobalSection
	GlobalSection(ProjectConfigurationPlatforms) = postSolution
		{F4EC9AA3-55A8-4F18-B017-FDD1C9C0ACAE}.Debug|Any CPU.ActiveCfg = Debug|Any CPU
		{F4EC9AA3-55A8-4F18-B017-FDD1C9C0ACAE}.Debug|Any CPU.Build.0 = Debug|Any CPU
		{F4EC9AA3-55A8-4F18-B017-FDD1C9C0ACAE}.Release|Any CPU.ActiveCfg = Release|Any CPU
		{F4EC9AA3-55A8-4F18-B017-FDD1C9C0ACAE}.Release|Any CPU.Build.0 = Release|Any CPU
	EndGlobalSection
EndGlobal
